// !$*UTF8*$!
{
	archiveVersion = 1;
	classes = {
	};
	objectVersion = 77;
	objects = {

/* Begin PBXBuildFile section */
		0E8101094DB11C7D6FC79182 /* MainTabView.swift in Sources */ = {isa = PBXBuildFile; fileRef = 37593491E232419A4DD9BD9C /* MainTabView.swift */; };
		10EEFD7DF70A96349348E245 /* AudioCoachManager.swift in Sources */ = {isa = PBXBuildFile; fileRef = 31A108BCE6FA1E126DB5D6DA /* AudioCoachManager.swift */; };
		22DFFA344BB7BA3EF0F8FE73 /* AICoachView.swift in Sources */ = {isa = PBXBuildFile; fileRef = 395CBF15B74D68C1CF4BDA59 /* AICoachView.swift */; };
		24FCC2F88260F7231B96E3E4 /* HomeView.swift in Sources */ = {isa = PBXBuildFile; fileRef = 270D20095189CE05074855D4 /* HomeView.swift */; };
		280CD2840E3CD1F1A1FC653F /* MeView.swift in Sources */ = {isa = PBXBuildFile; fileRef = 059977922AA618AB6235E5BB /* MeView.swift */; };
		421E619FF4C186D42D117C10 /* LLMNetworkManager.swift in Sources */ = {isa = PBXBuildFile; fileRef = 2475EE2D4B584C2AA85C52A1 /* LLMNetworkManager.swift */; };
		43BB0186EFE4C9DF27E363B5 /* ScanMachineView.swift in Sources */ = {isa = PBXBuildFile; fileRef = A35FB7556A7400DD5B063820 /* ScanMachineView.swift */; };
		62233547E7206F0946732275 /* NeonGymAIApp.swift in Sources */ = {isa = PBXBuildFile; fileRef = 0BE21483CCE25A3204118A87 /* NeonGymAIApp.swift */; };
		8075FCDE70EF85BCEB39DE96 /* Theme.swift in Sources */ = {isa = PBXBuildFile; fileRef = F872B95F3420BAD39F8D0843 /* Theme.swift */; };
		859670BB4CAD1A1C215C2134 /* SettingsView.swift in Sources */ = {isa = PBXBuildFile; fileRef = 207C44DEE9ECFD15802A799A /* SettingsView.swift */; };
		90CDAE840C3EAEC30E652AF9 /* SquatTracker.swift in Sources */ = {isa = PBXBuildFile; fileRef = E580D63B463C70C32B24D9CC /* SquatTracker.swift */; };
		9BF0417AC461EED0098EF6E3 /* VisionTrackingManager.swift in Sources */ = {isa = PBXBuildFile; fileRef = F27CC1F00F1602AA26A9BFD6 /* VisionTrackingManager.swift */; };
		CA61382A3C38404E19438716 /* EnergyManager.swift in Sources */ = {isa = PBXBuildFile; fileRef = F14F01BDA869F6B0C87CFB83 /* EnergyManager.swift */; };
		D0B4F91526A121E30D3938BE /* MathUtils.swift in Sources */ = {isa = PBXBuildFile; fileRef = 1D44F8B05081194DC19ACD99 /* MathUtils.swift */; };
		EA049F4E5C571B99DEAF07E3 /* ActiveTrackingView.swift in Sources */ = {isa = PBXBuildFile; fileRef = 1E7B371A6A50D99E45ED75FF /* ActiveTrackingView.swift */; };
		F644BE970CABA33B8CB9A4F4 /* AnalyticsDashboardView.swift in Sources */ = {isa = PBXBuildFile; fileRef = ABCDAC8EDE95C88334AD0A65 /* AnalyticsDashboardView.swift */; };
		F7997957706C9E5DD2CE20C1 /* CameraManager.swift in Sources */ = {isa = PBXBuildFile; fileRef = 34446B3202D88C74B2760B57 /* CameraManager.swift */; };
/* End PBXBuildFile section */

/* Begin PBXFileReference section */
		059977922AA618AB6235E5BB /* MeView.swift */ = {isa = PBXFileReference; lastKnownFileType = sourcecode.swift; path = MeView.swift; sourceTree = "<group>"; };
		0BE21483CCE25A3204118A87 /* NeonGymAIApp.swift */ = {isa = PBXFileReference; lastKnownFileType = sourcecode.swift; path = NeonGymAIApp.swift; sourceTree = "<group>"; };
		1D44F8B05081194DC19ACD99 /* MathUtils.swift */ = {isa = PBXFileReference; lastKnownFileType = sourcecode.swift; path = MathUtils.swift; sourceTree = "<group>"; };
		1E7B371A6A50D99E45ED75FF /* ActiveTrackingView.swift */ = {isa = PBXFileReference; lastKnownFileType = sourcecode.swift; path = ActiveTrackingView.swift; sourceTree = "<group>"; };
		207C44DEE9ECFD15802A799A /* SettingsView.swift */ = {isa = PBXFileReference; lastKnownFileType = sourcecode.swift; path = SettingsView.swift; sourceTree = "<group>"; };
		2475EE2D4B584C2AA85C52A1 /* LLMNetworkManager.swift */ = {isa = PBXFileReference; lastKnownFileType = sourcecode.swift; path = LLMNetworkManager.swift; sourceTree = "<group>"; };
		270D20095189CE05074855D4 /* HomeView.swift */ = {isa = PBXFileReference; lastKnownFileType = sourcecode.swift; path = HomeView.swift; sourceTree = "<group>"; };
		31A108BCE6FA1E126DB5D6DA /* AudioCoachManager.swift */ = {isa = PBXFileReference; lastKnownFileType = sourcecode.swift; path = AudioCoachManager.swift; sourceTree = "<group>"; };
		34446B3202D88C74B2760B57 /* CameraManager.swift */ = {isa = PBXFileReference; lastKnownFileType = sourcecode.swift; path = CameraManager.swift; sourceTree = "<group>"; };
		37593491E232419A4DD9BD9C /* MainTabView.swift */ = {isa = PBXFileReference; lastKnownFileType = sourcecode.swift; path = MainTabView.swift; sourceTree = "<group>"; };
		395CBF15B74D68C1CF4BDA59 /* AICoachView.swift */ = {isa = PBXFileReference; lastKnownFileType = sourcecode.swift; path = AICoachView.swift; sourceTree = "<group>"; };
		A35FB7556A7400DD5B063820 /* ScanMachineView.swift */ = {isa = PBXFileReference; lastKnownFileType = sourcecode.swift; path = ScanMachineView.swift; sourceTree = "<group>"; };
		ABCDAC8EDE95C88334AD0A65 /* AnalyticsDashboardView.swift */ = {isa = PBXFileReference; lastKnownFileType = sourcecode.swift; path = AnalyticsDashboardView.swift; sourceTree = "<group>"; };
		C4678ADFC7DC25FBEBACA56D /* NeonGymAI.app */ = {isa = PBXFileReference; includeInIndex = 0; lastKnownFileType = wrapper.application; path = NeonGymAI.app; sourceTree = BUILT_PRODUCTS_DIR; };
		E580D63B463C70C32B24D9CC /* SquatTracker.swift */ = {isa = PBXFileReference; lastKnownFileType = sourcecode.swift; path = SquatTracker.swift; sourceTree = "<group>"; };
		F14F01BDA869F6B0C87CFB83 /* EnergyManager.swift */ = {isa = PBXFileReference; lastKnownFileType = sourcecode.swift; path = EnergyManager.swift; sourceTree = "<group>"; };
		F27CC1F00F1602AA26A9BFD6 /* VisionTrackingManager.swift */ = {isa = PBXFileReference; lastKnownFileType = sourcecode.swift; path = VisionTrackingManager.swift; sourceTree = "<group>"; };
		F872B95F3420BAD39F8D0843 /* Theme.swift */ = {isa = PBXFileReference; lastKnownFileType = sourcecode.swift; path = Theme.swift; sourceTree = "<group>"; };
/* End PBXFileReference section */

/* Begin PBXGroup section */
		0359C86C6CA254FB431B67CB /* AICoach */ = {
			isa = PBXGroup;
			children = (
				395CBF15B74D68C1CF4BDA59 /* AICoachView.swift */,
			);
			path = AICoach;
			sourceTree = "<group>";
		};
		0B91C4AED116D25A4A2B7859 /* Views */ = {
			isa = PBXGroup;
			children = (
				37593491E232419A4DD9BD9C /* MainTabView.swift */,
				0359C86C6CA254FB431B67CB /* AICoach */,
				79472D36C83F64C666001D82 /* Home */,
				99D2124C55217023AD1F4CB0 /* Me */,
				912CC8E035BD74DAE37E88B9 /* Settings */,
			);
			path = Views;
			sourceTree = "<group>";
		};
		17DA852BD7939D22822B27FF = {
			isa = PBXGroup;
			children = (
				85416C308111F60D0F464B05 /* NeonGymAI */,
				1FDE119C8B555F5F3A2356ED /* Products */,
			);
			sourceTree = "<group>";
		};
		1FDE119C8B555F5F3A2356ED /* Products */ = {
			isa = PBXGroup;
			children = (
				C4678ADFC7DC25FBEBACA56D /* NeonGymAI.app */,
			);
			name = Products;
			sourceTree = "<group>";
		};
		79472D36C83F64C666001D82 /* Home */ = {
			isa = PBXGroup;
			children = (
				1E7B371A6A50D99E45ED75FF /* ActiveTrackingView.swift */,
				ABCDAC8EDE95C88334AD0A65 /* AnalyticsDashboardView.swift */,
				270D20095189CE05074855D4 /* HomeView.swift */,
				A35FB7556A7400DD5B063820 /* ScanMachineView.swift */,
			);
			path = Home;
			sourceTree = "<group>";
		};
		85416C308111F60D0F464B05 /* NeonGymAI */ = {
			isa = PBXGroup;
			children = (
				8CB18365CD1F2952F1460D89 /* App */,
				D14F25B667987F32B123F817 /* Managers */,
				9BD4A1794A750BD4910BDB20 /* Theme */,
				0B91C4AED116D25A4A2B7859 /* Views */,
			);
			path = NeonGymAI;
			sourceTree = "<group>";
		};
		8CB18365CD1F2952F1460D89 /* App */ = {
			isa = PBXGroup;
			children = (
				0BE21483CCE25A3204118A87 /* NeonGymAIApp.swift */,
			);
			path = App;
			sourceTree = "<group>";
		};
		912CC8E035BD74DAE37E88B9 /* Settings */ = {
			isa = PBXGroup;
			children = (
				207C44DEE9ECFD15802A799A /* SettingsView.swift */,
			);
			path = Settings;
			sourceTree = "<group>";
		};
		99D2124C55217023AD1F4CB0 /* Me */ = {
			isa = PBXGroup;
			children = (
				059977922AA618AB6235E5BB /* MeView.swift */,
			);
			path = Me;
			sourceTree = "<group>";
		};
		9BD4A1794A750BD4910BDB20 /* Theme */ = {
			isa = PBXGroup;
			children = (
				F872B95F3420BAD39F8D0843 /* Theme.swift */,
			);
			path = Theme;
			sourceTree = "<group>";
		};
		D14F25B667987F32B123F817 /* Managers */ = {
			isa = PBXGroup;
			children = (
				31A108BCE6FA1E126DB5D6DA /* AudioCoachManager.swift */,
				34446B3202D88C74B2760B57 /* CameraManager.swift */,
				F14F01BDA869F6B0C87CFB83 /* EnergyManager.swift */,
				2475EE2D4B584C2AA85C52A1 /* LLMNetworkManager.swift */,
				1D44F8B05081194DC19ACD99 /* MathUtils.swift */,
				E580D63B463C70C32B24D9CC /* SquatTracker.swift */,
				F27CC1F00F1602AA26A9BFD6 /* VisionTrackingManager.swift */,
			);
			path = Managers;
			sourceTree = "<group>";
		};
/* End PBXGroup section */

/* Begin PBXNativeTarget section */
		10949465F97AFCE9F22705A1 /* NeonGymAI */ = {
			isa = PBXNativeTarget;
			buildConfigurationList = 5D5CF4F0DB2F2FFD11395350 /* Build configuration list for PBXNativeTarget "NeonGymAI" */;
			buildPhases = (
				9B1EAE42F09BDCA16AA0DB64 /* Sources */,
			);
			buildRules = (
			);
			dependencies = (
			);
			name = NeonGymAI;
			packageProductDependencies = (
			);
			productName = NeonGymAI;
			productReference = C4678ADFC7DC25FBEBACA56D /* NeonGymAI.app */;
			productType = "com.apple.product-type.application";
		};
/* End PBXNativeTarget section */

/* Begin PBXProject section */
		BC91FC94A08EBBF5754EE557 /* Project object */ = {
			isa = PBXProject;
			attributes = {
				BuildIndependentTargetsInParallel = YES;
				LastUpgradeCheck = 1430;
				TargetAttributes = {
				};
			};
			buildConfigurationList = 3083F663A74FD3FC0949C902 /* Build configuration list for PBXProject "NeonGymAI" */;
			developmentRegion = en;
			hasScannedForEncodings = 0;
			knownRegions = (
				Base,
				en,
			);
			mainGroup = 17DA852BD7939D22822B27FF;
			minimizedProjectReferenceProxies = 1;
			preferredProjectObjectVersion = 77;
			productRefGroup = 1FDE119C8B555F5F3A2356ED /* Products */;
			projectDirPath = "";
			projectRoot = "";
			targets = (
				10949465F97AFCE9F22705A1 /* NeonGymAI */,
			);
		};
/* End PBXProject section */

/* Begin PBXSourcesBuildPhase section */
		9B1EAE42F09BDCA16AA0DB64 /* Sources */ = {
			isa = PBXSourcesBuildPhase;
			buildActionMask = 2147483647;
			files = (
				22DFFA344BB7BA3EF0F8FE73 /* AICoachView.swift in Sources */,
				EA049F4E5C571B99DEAF07E3 /* ActiveTrackingView.swift in Sources */,
				F644BE970CABA33B8CB9A4F4 /* AnalyticsDashboardView.swift in Sources */,
				10EEFD7DF70A96349348E245 /* AudioCoachManager.swift in Sources */,
				F7997957706C9E5DD2CE20C1 /* CameraManager.swift in Sources */,
				CA61382A3C38404E19438716 /* EnergyManager.swift in Sources */,
				24FCC2F88260F7231B96E3E4 /* HomeView.swift in Sources */,
				421E619FF4C186D42D117C10 /* LLMNetworkManager.swift in Sources */,
				0E8101094DB11C7D6FC79182 /* MainTabView.swift in Sources */,
				D0B4F91526A121E30D3938BE /* MathUtils.swift in Sources */,
				280CD2840E3CD1F1A1FC653F /* MeView.swift in Sources */,
				62233547E7206F0946732275 /* NeonGymAIApp.swift in Sources */,
				43BB0186EFE4C9DF27E363B5 /* ScanMachineView.swift in Sources */,
				859670BB4CAD1A1C215C2134 /* SettingsView.swift in Sources */,
				90CDAE840C3EAEC30E652AF9 /* SquatTracker.swift in Sources */,
				8075FCDE70EF85BCEB39DE96 /* Theme.swift in Sources */,
				9BF0417AC461EED0098EF6E3 /* VisionTrackingManager.swift in Sources */,
			);
			runOnlyForDeploymentPostprocessing = 0;
		};
/* End PBXSourcesBuildPhase section */

/* Begin XCBuildConfiguration section */
		06D021C1904DBA8E47C9943E /* Debug */ = {
			isa = XCBuildConfiguration;
			buildSettings = {
				ASSETCATALOG_COMPILER_APPICON_NAME = AppIcon;
				CODE_SIGN_IDENTITY = "iPhone Developer";
				DEVELOPMENT_ASSET_PATHS = "\"NeonGymAI/Preview Content\"";
				ENABLE_PREVIEWS = YES;
				GENERATE_INFOPLIST_FILE = YES;
				INFOPLIST_KEY_NSCameraUsageDescription = "We need access to the camera to scan gym machines and perform 360-degree pose tracking.";
				INFOPLIST_KEY_NSMicrophoneUsageDescription = "We need access to the microphone for AI Coach voice commands.";
				INFOPLIST_KEY_NSSpeechRecognitionUsageDescription = "We need access to speech recognition for the AI Coach.";
				INFOPLIST_KEY_UIApplicationSceneManifest_Generation = YES;
				INFOPLIST_KEY_UILaunchScreen_Generation = YES;
				IPHONEOS_DEPLOYMENT_TARGET = 17.0;
				LD_RUNPATH_SEARCH_PATHS = (
					"$(inherited)",
					"@executable_path/Frameworks",
				);
				PRODUCT_BUNDLE_IDENTIFIER = com.brooksnguyen.NeonGymAI;
				SDKROOT = iphoneos;
				SWIFT_VERSION = 5.0;
				TARGETED_DEVICE_FAMILY = 1;
			};
			name = Debug;
		};
		428E84CD6F04AAA611F5B5AC /* Release */ = {
			isa = XCBuildConfiguration;
			buildSettings = {
				ALWAYS_SEARCH_USER_PATHS = NO;
				CLANG_ANALYZER_NONNULL = YES;
				CLANG_ANALYZER_NUMBER_OBJECT_CONVERSION = YES_AGGRESSIVE;
				CLANG_CXX_LANGUAGE_STANDARD = "gnu++14";
				CLANG_CXX_LIBRARY = "libc++";
				CLANG_ENABLE_MODULES = YES;
				CLANG_ENABLE_OBJC_ARC = YES;
				CLANG_ENABLE_OBJC_WEAK = YES;
				CLANG_WARN_BLOCK_CAPTURE_AUTORELEASING = YES;
				CLANG_WARN_BOOL_CONVERSION = YES;
				CLANG_WARN_COMMA = YES;
				CLANG_WARN_CONSTANT_CONVERSION = YES;
				CLANG_WARN_DEPRECATED_OBJC_IMPLEMENTATIONS = YES;
				CLANG_WARN_DIRECT_OBJC_ISA_USAGE = YES_ERROR;
				CLANG_WARN_DOCUMENTATION_COMMENTS = YES;
				CLANG_WARN_EMPTY_BODY = YES;
				CLANG_WARN_ENUM_CONVERSION = YES;
				CLANG_WARN_INFINITE_RECURSION = YES;
				CLANG_WARN_INT_CONVERSION = YES;
				CLANG_WARN_NON_LITERAL_NULL_CONVERSION = YES;
				CLANG_WARN_OBJC_IMPLICIT_RETAIN_SELF = YES;
				CLANG_WARN_OBJC_LITERAL_CONVERSION = YES;
				CLANG_WARN_OBJC_ROOT_CLASS = YES_ERROR;
				CLANG_WARN_QUOTED_INCLUDE_IN_FRAMEWORK_HEADER = YES;
				CLANG_WARN_RANGE_LOOP_ANALYSIS = YES;
				CLANG_WARN_STRICT_PROTOTYPES = YES;
				CLANG_WARN_SUSPICIOUS_MOVE = YES;
				CLANG_WARN_UNGUARDED_AVAILABILITY = YES_AGGRESSIVE;
				CLANG_WARN_UNREACHABLE_CODE = YES;
				CLANG_WARN__DUPLICATE_METHOD_MATCH = YES;
				COPY_PHASE_STRIP = NO;
				DEBUG_INFORMATION_FORMAT = "dwarf-with-dsym";
				ENABLE_NS_ASSERTIONS = NO;
				ENABLE_STRICT_OBJC_MSGSEND = YES;
				GCC_C_LANGUAGE_STANDARD = gnu11;
				GCC_NO_COMMON_BLOCKS = YES;
				GCC_WARN_64_TO_32_BIT_CONVERSION = YES;
				GCC_WARN_ABOUT_RETURN_TYPE = YES_ERROR;
				GCC_WARN_UNDECLARED_SELECTOR = YES;
				GCC_WARN_UNINITIALIZED_AUTOS = YES_AGGRESSIVE;
				GCC_WARN_UNUSED_FUNCTION = YES;
				GCC_WARN_UNUSED_VARIABLE = YES;
				IPHONEOS_DEPLOYMENT_TARGET = 17.0;
				MTL_ENABLE_DEBUG_INFO = NO;
				MTL_FAST_MATH = YES;
				PRODUCT_NAME = "$(TARGET_NAME)";
				SDKROOT = iphoneos;
				SWIFT_COMPILATION_MODE = wholemodule;
				SWIFT_OPTIMIZATION_LEVEL = "-O";
				SWIFT_VERSION = 5.0;
			};
			name = Release;
		};
		577519E248F1A61454FC0DAC /* Release */ = {
			isa = XCBuildConfiguration;
			buildSettings = {
				ASSETCATALOG_COMPILER_APPICON_NAME = AppIcon;
				CODE_SIGN_IDENTITY = "iPhone Developer";
				DEVELOPMENT_ASSET_PATHS = "\"NeonGymAI/Preview Content\"";
				ENABLE_PREVIEWS = YES;
				GENERATE_INFOPLIST_FILE = YES;
				INFOPLIST_KEY_NSCameraUsageDescription = "We need access to the camera to scan gym machines and perform 360-degree pose tracking.";
				INFOPLIST_KEY_NSMicrophoneUsageDescription = "We need access to the microphone for AI Coach voice commands.";
				INFOPLIST_KEY_NSSpeechRecognitionUsageDescription = "We need access to speech recognition for the AI Coach.";
				INFOPLIST_KEY_UIApplicationSceneManifest_Generation = YES;
				INFOPLIST_KEY_UILaunchScreen_Generation = YES;
				IPHONEOS_DEPLOYMENT_TARGET = 17.0;
				LD_RUNPATH_SEARCH_PATHS = (
					"$(inherited)",
					"@executable_path/Frameworks",
				);
				PRODUCT_BUNDLE_IDENTIFIER = com.brooksnguyen.NeonGymAI;
				SDKROOT = iphoneos;
				SWIFT_VERSION = 5.0;
				TARGETED_DEVICE_FAMILY = 1;
			};
			name = Release;
		};
		AAD22F1F9440F2B436A68712 /* Debug */ = {
			isa = XCBuildConfiguration;
			buildSettings = {
				ALWAYS_SEARCH_USER_PATHS = NO;
				CLANG_ANALYZER_NONNULL = YES;
				CLANG_ANALYZER_NUMBER_OBJECT_CONVERSION = YES_AGGRESSIVE;
				CLANG_CXX_LANGUAGE_STANDARD = "gnu++14";
				CLANG_CXX_LIBRARY = "libc++";
				CLANG_ENABLE_MODULES = YES;
				CLANG_ENABLE_OBJC_ARC = YES;
				CLANG_ENABLE_OBJC_WEAK = YES;
				CLANG_WARN_BLOCK_CAPTURE_AUTORELEASING = YES;
				CLANG_WARN_BOOL_CONVERSION = YES;
				CLANG_WARN_COMMA = YES;
				CLANG_WARN_CONSTANT_CONVERSION = YES;
				CLANG_WARN_DEPRECATED_OBJC_IMPLEMENTATIONS = YES;
				CLANG_WARN_DIRECT_OBJC_ISA_USAGE = YES_ERROR;
				CLANG_WARN_DOCUMENTATION_COMMENTS = YES;
				CLANG_WARN_EMPTY_BODY = YES;
				CLANG_WARN_ENUM_CONVERSION = YES;
				CLANG_WARN_INFINITE_RECURSION = YES;
				CLANG_WARN_INT_CONVERSION = YES;
				CLANG_WARN_NON_LITERAL_NULL_CONVERSION = YES;
				CLANG_WARN_OBJC_IMPLICIT_RETAIN_SELF = YES;
				CLANG_WARN_OBJC_LITERAL_CONVERSION = YES;
				CLANG_WARN_OBJC_ROOT_CLASS = YES_ERROR;
				CLANG_WARN_QUOTED_INCLUDE_IN_FRAMEWORK_HEADER = YES;
				CLANG_WARN_RANGE_LOOP_ANALYSIS = YES;
				CLANG_WARN_STRICT_PROTOTYPES = YES;
				CLANG_WARN_SUSPICIOUS_MOVE = YES;
				CLANG_WARN_UNGUARDED_AVAILABILITY = YES_AGGRESSIVE;
				CLANG_WARN_UNREACHABLE_CODE = YES;
				CLANG_WARN__DUPLICATE_METHOD_MATCH = YES;
				COPY_PHASE_STRIP = NO;
				DEBUG_INFORMATION_FORMAT = dwarf;
				ENABLE_STRICT_OBJC_MSGSEND = YES;
				ENABLE_TESTABILITY = YES;
				GCC_C_LANGUAGE_STANDARD = gnu11;
				GCC_DYNAMIC_NO_PIC = NO;
				GCC_NO_COMMON_BLOCKS = YES;
				GCC_OPTIMIZATION_LEVEL = 0;
				GCC_PREPROCESSOR_DEFINITIONS = (
					"$(inherited)",
					"DEBUG=1",
				);
				GCC_WARN_64_TO_32_BIT_CONVERSION = YES;
				GCC_WARN_ABOUT_RETURN_TYPE = YES_ERROR;
				GCC_WARN_UNDECLARED_SELECTOR = YES;
				GCC_WARN_UNINITIALIZED_AUTOS = YES_AGGRESSIVE;
				GCC_WARN_UNUSED_FUNCTION = YES;
				GCC_WARN_UNUSED_VARIABLE = YES;
				IPHONEOS_DEPLOYMENT_TARGET = 17.0;
				MTL_ENABLE_DEBUG_INFO = INCLUDE_SOURCE;
				MTL_FAST_MATH = YES;
				ONLY_ACTIVE_ARCH = YES;
				PRODUCT_NAME = "$(TARGET_NAME)";
				SDKROOT = iphoneos;
				SWIFT_ACTIVE_COMPILATION_CONDITIONS = DEBUG;
				SWIFT_OPTIMIZATION_LEVEL = "-Onone";
				SWIFT_VERSION = 5.0;
			};
			name = Debug;
		};
/* End XCBuildConfiguration section */

/* Begin XCConfigurationList section */
		3083F663A74FD3FC0949C902 /* Build configuration list for PBXProject "NeonGymAI" */ = {
			isa = XCConfigurationList;
			buildConfigurations = (
				AAD22F1F9440F2B436A68712 /* Debug */,
				428E84CD6F04AAA611F5B5AC /* Release */,
			);
			defaultConfigurationIsVisible = 0;
			defaultConfigurationName = Debug;
		};
		5D5CF4F0DB2F2FFD11395350 /* Build configuration list for PBXNativeTarget "NeonGymAI" */ = {
			isa = XCConfigurationList;
			buildConfigurations = (
				06D021C1904DBA8E47C9943E /* Debug */,
				577519E248F1A61454FC0DAC /* Release */,
			);
			defaultConfigurationIsVisible = 0;
			defaultConfigurationName = Debug;
		};
/* End XCConfigurationList section */
	};
	rootObject = BC91FC94A08EBBF5754EE557 /* Project object */;
}
